
Microsoft Visual Studio Solution File, Format Version 12.00
# Visual Studio Version 17
VisualStudioVersion = 17.10.35122.118
MinimumVisualStudioVersion = 10.0.40219.1
Project("{9A19103F-16F7-4668-BE54-9A1E7A4F7556}") = "CozyHouse.UI", "CozyHouse.UI\CozyHouse.UI.csproj", "{664738E1-7879-4722-8DDA-40A16759000F}"
EndProject
Project("{2150E333-8FDC-42A3-9474-1A3956D46DE8}") = "Solution Items", "Solution Items", "{C93D21E4-D3F6-4B87-A42F-7344E6F4BA6F}"
	ProjectSection(SolutionItems) = preProject
		Assets\CozyHouse.DataAccess.png = Assets\CozyHouse.DataAccess.png
		Assets\CozyHouse.Entities.png = Assets\CozyHouse.Entities.png
		Assets\CozyHouse.Identity.png = Assets\CozyHouse.Identity.png
		Assets\CozyHouseSystem.IdentityWithEntites.png = Assets\CozyHouseSystem.IdentityWithEntites.png
		Assets\CozyHouse_Table_English_V2.xlsx = Assets\CozyHouse_Table_English_V2.xlsx
		Assets\CozyHouse_UseCase_English_V2.drawio = Assets\CozyHouse_UseCase_English_V2.drawio
		Assets\CozyHouse_UseCase_English_V2.png = Assets\CozyHouse_UseCase_English_V2.png
	EndProjectSection
EndProject
Project("{2150E333-8FDC-42A3-9474-1A3956D46DE8}") = "source", "source", "{28700611-EB38-4D83-B53D-F2F50301B673}"
EndProject
Project("{9A19103F-16F7-4668-BE54-9A1E7A4F7556}") = "CozyHouse.Core", "CozyHouse.Core\CozyHouse.Core.csproj", "{8957F38E-7F1A-4DD7-9541-8E7AF263F316}"
EndProject
Project("{9A19103F-16F7-4668-BE54-9A1E7A4F7556}") = "CozyHouse.Infrastructure", "CozyHouse.Infrastructure\CozyHouse.Infrastructure.csproj", "{C0CF92ED-108D-470E-B865-ED7FC9A3E08D}"
EndProject
Project("{2150E333-8FDC-42A3-9474-1A3956D46DE8}") = "tests", "tests", "{4C1EBFE6-9B89-4103-BE90-6A806531B0F0}"
EndProject
Project("{9A19103F-16F7-4668-BE54-9A1E7A4F7556}") = "CozyHouse.CoreTests", "CozyHouse.ServiceTests\CozyHouse.CoreTests.csproj", "{ED4DB18C-A438-4D7D-897F-11324943DDB7}"
EndProject
Global
	GlobalSection(SolutionConfigurationPlatforms) = preSolution
		Debug|Any CPU = Debug|Any CPU
		Release|Any CPU = Release|Any CPU
	EndGlobalSection
	GlobalSection(ProjectConfigurationPlatforms) = postSolution
		{664738E1-7879-4722-8DDA-40A16759000F}.Debug|Any CPU.ActiveCfg = Debug|Any CPU
		{664738E1-7879-4722-8DDA-40A16759000F}.Debug|Any CPU.Build.0 = Debug|Any CPU
		{664738E1-7879-4722-8DDA-40A16759000F}.Release|Any CPU.ActiveCfg = Release|Any CPU
		{664738E1-7879-4722-8DDA-40A16759000F}.Release|Any CPU.Build.0 = Release|Any CPU
		{8957F38E-7F1A-4DD7-9541-8E7AF263F316}.Debug|Any CPU.ActiveCfg = Debug|Any CPU
		{8957F38E-7F1A-4DD7-9541-8E7AF263F316}.Debug|Any CPU.Build.0 = Debug|Any CPU
		{8957F38E-7F1A-4DD7-9541-8E7AF263F316}.Release|Any CPU.ActiveCfg = Release|Any CPU
		{8957F38E-7F1A-4DD7-9541-8E7AF263F316}.Release|Any CPU.Build.0 = Release|Any CPU
		{C0CF92ED-108D-470E-B865-ED7FC9A3E08D}.Debug|Any CPU.ActiveCfg = Debug|Any CPU
		{C0CF92ED-108D-470E-B865-ED7FC9A3E08D}.Debug|Any CPU.Build.0 = Debug|Any CPU
		{C0CF92ED-108D-470E-B865-ED7FC9A3E08D}.Release|Any CPU.ActiveCfg = Release|Any CPU
		{C0CF92ED-108D-470E-B865-ED7FC9A3E08D}.Release|Any CPU.Build.0 = Release|Any CPU
		{ED4DB18C-A438-4D7D-897F-11324943DDB7}.Debug|Any CPU.ActiveCfg = Debug|Any CPU
		{ED4DB18C-A438-4D7D-897F-11324943DDB7}.Debug|Any CPU.Build.0 = Debug|Any CPU
		{ED4DB18C-A438-4D7D-897F-11324943DDB7}.Release|Any CPU.ActiveCfg = Release|Any CPU
		{ED4DB18C-A438-4D7D-897F-11324943DDB7}.Release|Any CPU.Build.0 = Release|Any CPU
	EndGlobalSection
	GlobalSection(SolutionProperties) = preSolution
		HideSolutionNode = FALSE
	EndGlobalSection
	GlobalSection(NestedProjects) = preSolution
		{664738E1-7879-4722-8DDA-40A16759000F} = {28700611-EB38-4D83-B53D-F2F50301B673}
		{8957F38E-7F1A-4DD7-9541-8E7AF263F316} = {28700611-EB38-4D83-B53D-F2F50301B673}
		{C0CF92ED-108D-470E-B865-ED7FC9A3E08D} = {28700611-EB38-4D83-B53D-F2F50301B673}
		{ED4DB18C-A438-4D7D-897F-11324943DDB7} = {4C1EBFE6-9B89-4103-BE90-6A806531B0F0}
	EndGlobalSection
	GlobalSection(ExtensibilityGlobals) = postSolution
		SolutionGuid = {B321E155-8446-4E33-B04E-AEDB734E9BB7}
	EndGlobalSection
EndGlobal
